
Microsoft Visual Studio Solution File, Format Version 12.00
# Visual Studio Version 17
VisualStudioVersion = 17.7.34202.233
MinimumVisualStudioVersion = 10.0.40219.1
Project("{FAE04EC0-301F-11D3-BF4B-00C04F79EFBC}") = "_laba1", "_laba1\_laba1.csproj", "{F752BB67-8111-4223-8D22-75116B4B7A41}"
EndProject
Global
	GlobalSection(SolutionConfigurationPlatforms) = preSolution
		Debug|Any CPU = Debug|Any CPU
		Release|Any CPU = Release|Any CPU
	EndGlobalSection
	GlobalSection(ProjectConfigurationPlatforms) = postSolution
		{F752BB67-8111-4223-8D22-75116B4B7A41}.Debug|Any CPU.ActiveCfg = Debug|Any CPU
		{F752BB67-8111-4223-8D22-75116B4B7A41}.Debug|Any CPU.Build.0 = Debug|Any CPU
		{F752BB67-8111-4223-8D22-75116B4B7A41}.Release|Any CPU.ActiveCfg = Release|Any CPU
		{F752BB67-8111-4223-8D22-75116B4B7A41}.Release|Any CPU.Build.0 = Release|Any CPU
	EndGlobalSection
	GlobalSection(SolutionProperties) = preSolution
		HideSolutionNode = FALSE
	EndGlobalSection
	GlobalSection(ExtensibilityGlobals) = postSolution
		SolutionGuid = {E875A5E0-A839-47BD-BDD0-6A2EA1C50639}
	EndGlobalSection
EndGlobal
